
Microsoft Visual Studio Solution File, Format Version 12.00
# Visual Studio Version 16
VisualStudioVersion = 16.0.30523.141
MinimumVisualStudioVersion = 10.0.40219.1
Project("{FAE04EC0-301F-11D3-BF4B-00C04F79EFBC}") = "811子域名访问计数", "811子域名访问计数\811子域名访问计数.csproj", "{3296A7F3-6364-49B6-97D6-110D563DABEC}"
EndProject
Global
	GlobalSection(SolutionConfigurationPlatforms) = preSolution
		Debug|Any CPU = Debug|Any CPU
		Release|Any CPU = Release|Any CPU
	EndGlobalSection
	GlobalSection(ProjectConfigurationPlatforms) = postSolution
		{3296A7F3-6364-49B6-97D6-110D563DABEC}.Debug|Any CPU.ActiveCfg = Debug|Any CPU
		{3296A7F3-6364-49B6-97D6-110D563DABEC}.Debug|Any CPU.Build.0 = Debug|Any CPU
		{3296A7F3-6364-49B6-97D6-110D563DABEC}.Release|Any CPU.ActiveCfg = Release|Any CPU
		{3296A7F3-6364-49B6-97D6-110D563DABEC}.Release|Any CPU.Build.0 = Release|Any CPU
	EndGlobalSection
	GlobalSection(SolutionProperties) = preSolution
		HideSolutionNode = FALSE
	EndGlobalSection
	GlobalSection(ExtensibilityGlobals) = postSolution
		SolutionGuid = {DD3E16A1-67EE-426B-935B-5E98946D99DB}
	EndGlobalSection
EndGlobal
