
Microsoft Visual Studio Solution File, Format Version 12.00
# Visual Studio Version 16
VisualStudioVersion = 16.0.30523.141
MinimumVisualStudioVersion = 10.0.40219.1
Project("{FAE04EC0-301F-11D3-BF4B-00C04F79EFBC}") = "Offer50.第一个只出现一次的字符", "Offer50.第一个只出现一次的字符\Offer50.第一个只出现一次的字符.csproj", "{B829ED18-1A65-4FDD-BB51-11F38DD4A381}"
EndProject
Global
	GlobalSection(SolutionConfigurationPlatforms) = preSolution
		Debug|Any CPU = Debug|Any CPU
		Release|Any CPU = Release|Any CPU
	EndGlobalSection
	GlobalSection(ProjectConfigurationPlatforms) = postSolution
		{B829ED18-1A65-4FDD-BB51-11F38DD4A381}.Debug|Any CPU.ActiveCfg = Debug|Any CPU
		{B829ED18-1A65-4FDD-BB51-11F38DD4A381}.Debug|Any CPU.Build.0 = Debug|Any CPU
		{B829ED18-1A65-4FDD-BB51-11F38DD4A381}.Release|Any CPU.ActiveCfg = Release|Any CPU
		{B829ED18-1A65-4FDD-BB51-11F38DD4A381}.Release|Any CPU.Build.0 = Release|Any CPU
	EndGlobalSection
	GlobalSection(SolutionProperties) = preSolution
		HideSolutionNode = FALSE
	EndGlobalSection
	GlobalSection(ExtensibilityGlobals) = postSolution
		SolutionGuid = {79FCC942-4156-4144-8609-3C26F06E68CD}
	EndGlobalSection
EndGlobal
