
Microsoft Visual Studio Solution File, Format Version 12.00
# Visual Studio Version 16
VisualStudioVersion = 16.0.30523.141
MinimumVisualStudioVersion = 10.0.40219.1
Project("{FAE04EC0-301F-11D3-BF4B-00C04F79EFBC}") = "1588所有奇数长度子数组的和", "1588所有奇数长度子数组的和\1588所有奇数长度子数组的和.csproj", "{72D6227B-7DF2-472B-A43E-64B4798F7717}"
EndProject
Global
	GlobalSection(SolutionConfigurationPlatforms) = preSolution
		Debug|Any CPU = Debug|Any CPU
		Release|Any CPU = Release|Any CPU
	EndGlobalSection
	GlobalSection(ProjectConfigurationPlatforms) = postSolution
		{72D6227B-7DF2-472B-A43E-64B4798F7717}.Debug|Any CPU.ActiveCfg = Debug|Any CPU
		{72D6227B-7DF2-472B-A43E-64B4798F7717}.Debug|Any CPU.Build.0 = Debug|Any CPU
		{72D6227B-7DF2-472B-A43E-64B4798F7717}.Release|Any CPU.ActiveCfg = Release|Any CPU
		{72D6227B-7DF2-472B-A43E-64B4798F7717}.Release|Any CPU.Build.0 = Release|Any CPU
	EndGlobalSection
	GlobalSection(SolutionProperties) = preSolution
		HideSolutionNode = FALSE
	EndGlobalSection
	GlobalSection(ExtensibilityGlobals) = postSolution
		SolutionGuid = {D8C6CDC6-17C7-4AE1-A329-6F84FB7451C6}
	EndGlobalSection
EndGlobal
